{
  "version": 4,
  "terraform_version": "1.15.0",
  "serial": 26,
  "lineage": "11880170-2196-b976-7f41-a0aca0ae085d",
  "outputs": {},
  "resources": [
    {
      "mode": "managed",
      "type": "kind_cluster",
      "name": "sre_local_cluster",
      "provider": "provider[\"registry.terraform.io/tehcyx/kind\"]",
      "instances": [
        {
          "schema_version": 0,
          "attributes": {
            "client_certificate": "-----BEGIN CERTIFICATE-----\nMIIDKTCCAhGgAwIBAgIIKrNXRLQQgZowDQYJKoZIhvcNAQELBQAwFTETMBEGA1UE\nAxMKa3ViZXJuZXRlczAeFw0yNjA1MTcwOTU4MjNaFw0yNzA1MTcxMDAzMjNaMDwx\nHzAdBgNVBAoTFmt1YmVhZG06Y2x1c3Rlci1hZG1pbnMxGTAXBgNVBAMTEGt1YmVy\nbmV0ZXMtYWRtaW4wggEiMA0GCSqGSIb3DQEBAQUAA4IBDwAwggEKAoIBAQDF5zka\nM4EqmggYVkXrggQrBImY31C9NY1Uep+qnnwna8pVRQ1x0TE30vFKhUVXkWybzqBr\nwzY0zFOKAksPhOW1UB5DFP6/Q5gU/dMPk9kwss2fLTTITQSrVkAYh3vF+S2UHGui\nF2pQi0HX+Iazwfa/y4Diep43e9aOgD6DJuoqjlSo77qdJ6vx2I7+csAFJGhRg0mL\n6PhT6aMtLBs2IMCN++nLRfPJ5lABBahX51w+rq4HIyiZY4sH65b6QLAsw1MYTHJj\nBpvGUidulonTubD1iR1rHJolIcandeGOzjrpiqcZirP385vLoPuPzVvxfY4s9XHI\nxrj5wYYKuzCHe05FAgMBAAGjVjBUMA4GA1UdDwEB/wQEAwIFoDATBgNVHSUEDDAK\nBggrBgEFBQcDAjAMBgNVHRMBAf8EAjAAMB8GA1UdIwQYMBaAFKjBYUtgFbqwGWMi\nbv0LnzEGqjE4MA0GCSqGSIb3DQEBCwUAA4IBAQBPZb6Gz8F1bz9CLGpaydTSBOiq\nRZk2x512HgpAAgAcUOgtB4+QfEzdgnLEKT6L9pX5q6jfUEQQH6HCGgPvJ4HaRQcT\n+JLq+x59AyXlGOfjyW2VnM1Wepy9CyR287sBCz+Dl/Geym8D7bDOFngfkzF77CTX\nfMShaYv4neIx8F1vW/+pl+jpKehgeti6MgzpQVv8ceM/mXiT5Ct8VLOmg5UX+sZb\nvJ3JpuRC0Wp8y6iaPZ2QD/7FTuepYRvK6uXJxfLwPkvUS9hb49U8ZbdvWaT/fhdy\nNnlaGegY/10+VlvjSiigdRCHfOLNJ/1j+R0G5pqwiLOx5ICcxpd5Ymgo9TK7\n-----END CERTIFICATE-----\n",
            "client_key": "-----BEGIN RSA PRIVATE KEY-----\nMIIEowIBAAKCAQEAxec5GjOBKpoIGFZF64IEKwSJmN9QvTWNVHqfqp58J2vKVUUN\ncdExN9LxSoVFV5Fsm86ga8M2NMxTigJLD4TltVAeQxT+v0OYFP3TD5PZMLLNny00\nyE0Eq1ZAGId7xfktlBxrohdqUItB1/iGs8H2v8uA4nqeN3vWjoA+gybqKo5UqO+6\nnSer8diO/nLABSRoUYNJi+j4U+mjLSwbNiDAjfvpy0XzyeZQAQWoV+dcPq6uByMo\nmWOLB+uW+kCwLMNTGExyYwabxlInbpaJ07mw9YkdaxyaJSHGp3Xhjs466YqnGYqz\n9/Oby6D7j81b8X2OLPVxyMa4+cGGCrswh3tORQIDAQABAoIBAFMzAi6huIvQddbF\nbl+0KUxse+xo9eiVuvTpGHcCae+owUdX4G8ZIzf01rwdiyllWeOm2opzZzaLMBO1\nIxlDJc8z/4T0LqT6JdWtYC4MWiK/CPMCbk5HEs91Uzz8uGxidWbvC9D5RxjVcrj5\nIqgvwyyewXB1XE63IVyHTcCVe5ynu8sICFmZjdB8qabWKA7hVmrWkqc2zEbyB6SD\njvLZXtcoTRcs8GPtl6Ju8dw6jgNeV6ZLUtRLubE8tHMhBEmygaLWocRd8e5obqcS\nwNK2PUXMSGVUPWRx5kUmEZHPODTB6UTr2P5zARBh9n8gBcBSOf9aQn/mPidTurVI\n7o/6/AECgYEA9FXE92YdjzljvOCNLfefGJfkc/9tQiz7AY2nET9F/Wwd84QNd6NC\nFvIunbojLgUnQazamHnuUKjl5ADH3qbs/Hw/WEosKk/ZQeq23+2xM84Qsf8+pl9V\no7vT5jO3mCqwim5rlkI3L3TEFLv8nmvAADMrlg9zP45Jg0t9k23Jz70CgYEAz1n4\nVXxMpRnh/q7+tH8DVF6EZS3YTAbWHWZUGJ9c0+0satX+b4Gkj7qihedjdB3DO4w1\nANBhxYyaT4UEWGkU+Ch2UEHjJ+hmyWwTBzWAwivXbtNeX3k96eqgSLya2ps6KuBx\nyvT0n3LInpEBKNrZ2oXwfmrABHGL6bALCDRdPSkCgYAudfjESoioaXNLwS9XZFS+\nanOokxOFl+QLAZKZNvzqGZsAaUXeUA8LKfYvS+vQnm4+kM3oXJcyg0tjtbpL3lYG\nFOI+uav4R8K6RBWOMzaU8UQ/dJfHLy2rutWqWn840jVLvX97zQ+NWJjIkI6S2U5j\nO1e4ayuxFC9qZfp1BFVxyQKBgQCsZzc3BNnJcOLaWvBGbVD8ZnYYlmzAkfKXkUyd\nCGwrfYkv72vVlOqZ4uldAs5Lbq+0pFgxrBGPKt/m/Ednpz+bMjFle9L+jJpiIW0U\n0mSTjdZbPH28TlevVbkdoUv0NZrAqcuTn+aBaPPr+88GBCmdKz6SLfon960Iiaoy\nkS9xOQKBgFMEI06Pt6+GVRxOTOluU89n1tFZhv4uGAJWlc7t2YOIfDd1VWSB2gZO\n3SsrB8dVLezMKpbPd1Cvyz1NYieRrJKPQMEEcfnY6PRW9ataLLMKoixZ1gnpo3+J\nqyiNb7PltJgAUBWy4RTQUW1Qjf+u85EbDZxY8hUGK82RcLDHzUHf\n-----END RSA PRIVATE KEY-----\n",
            "cluster_ca_certificate": "-----BEGIN CERTIFICATE-----\nMIIDBTCCAe2gAwIBAgIIGYEM2GJe45cwDQYJKoZIhvcNAQELBQAwFTETMBEGA1UE\nAxMKa3ViZXJuZXRlczAeFw0yNjA1MTcwOTU4MjNaFw0zNjA1MTQxMDAzMjNaMBUx\nEzARBgNVBAMTCmt1YmVybmV0ZXMwggEiMA0GCSqGSIb3DQEBAQUAA4IBDwAwggEK\nAoIBAQCXLSDeNkOLVp4Hvkn9IH7vcOj5t/rZ4TjTnx6ultltfEmB9HOKDhle7p2I\ny/6cnRwh3Ba/dr+NV6RCrnDrkLlnG6dfPQJDW3i9Jdly6NFxDUiYnGQ2NGecMqOh\n0aZJE/x+fNWZ3SOhmux9052XYoVQeD9YqFdGMB4eXpMTgcatJaCqKHBBuhG+WuNT\nQl0qVQqkpJpvMGCQX8xqiwPqWJRzoF1lBvEdxXXOlwJHPMaeCLLt5nteDcHz1ff0\nY9RuobvWebmqFlWCajK6qlkRctL0FfJh/tIL1MVPmqfTBR2pPgbEeowSpC4EaMcP\nuh7uvG9cNnv678yI1bfeIKFYaTl3AgMBAAGjWTBXMA4GA1UdDwEB/wQEAwICpDAP\nBgNVHRMBAf8EBTADAQH/MB0GA1UdDgQWBBSowWFLYBW6sBljIm79C58xBqoxODAV\nBgNVHREEDjAMggprdWJlcm5ldGVzMA0GCSqGSIb3DQEBCwUAA4IBAQB3CFyMiGtZ\nUQ0gPScBuJiUu6v8mb+/LyEN0Si+gQ8Hc4RpusNk7pmcnZMh92rOCDGqg/GYclRj\nLbtt17BwoskXdovhTi0ZUYzkZdIHhQqy5Zzo/YGpZb0bYmZGmroDrzR3x12glqLP\nbWY5bZx9y9blxlTgzNjfIbqlB5YP5FaEdHZZHB0256OZl+cV9Y63Nfx4i+MKlaJR\nJ5i0TG3VDrvU69cbmmjPKdib/20/SGsmuk+9M2W8lzLNEjjHfBz5DqY0+Mwq5/W+\nlp4x8ob+RgDIY82eMn40BLe2NogLditcg/ws7BaHWPnv7csVICnaiPiONY9ebQ5Z\nltvaFb0RDj42\n-----END CERTIFICATE-----\n",
            "completed": true,
            "endpoint": "https://127.0.0.1:62495",
            "id": "sre-capstone-cluster-",
            "kind_config": [
              {
                "api_version": "kind.x-k8s.io/v1alpha4",
                "containerd_config_patches": [],
                "feature_gates": {},
                "kind": "Cluster",
                "networking": [],
                "node": [
                  {
                    "extra_mounts": [],
                    "extra_port_mappings": [
                      {
                        "container_port": 30000,
                        "host_port": 3000,
                        "listen_address": "",
                        "protocol": ""
                      },
                      {
                        "container_port": 30001,
                        "host_port": 5000,
                        "listen_address": "",
                        "protocol": ""
                      },
                      {
                        "container_port": 30002,
                        "host_port": 9090,
                        "listen_address": "",
                        "protocol": ""
                      },
                      {
                        "container_port": 30003,
                        "host_port": 3001,
                        "listen_address": "",
                        "protocol": ""
                      }
                    ],
                    "image": "",
                    "kubeadm_config_patches": [],
                    "labels": {},
                    "role": "control-plane"
                  }
                ],
                "runtime_config": {}
              }
            ],
            "kubeconfig": "apiVersion: v1\nclusters:\n- cluster:\n    certificate-authority-data: LS0tLS1CRUdJTiBDRVJUSUZJQ0FURS0tLS0tCk1JSURCVENDQWUyZ0F3SUJBZ0lJR1lFTTJHSmU0NWN3RFFZSktvWklodmNOQVFFTEJRQXdGVEVUTUJFR0ExVUUKQXhNS2EzVmlaWEp1WlhSbGN6QWVGdzB5TmpBMU1UY3dPVFU0TWpOYUZ3MHpOakExTVRReE1EQXpNak5hTUJVeApFekFSQmdOVkJBTVRDbXQxWW1WeWJtVjBaWE13Z2dFaU1BMEdDU3FHU0liM0RRRUJBUVVBQTRJQkR3QXdnZ0VLCkFvSUJBUUNYTFNEZU5rT0xWcDRIdmtuOUlIN3ZjT2o1dC9yWjRUalRueDZ1bHRsdGZFbUI5SE9LRGhsZTdwMkkKeS82Y25Sd2gzQmEvZHIrTlY2UkNybkRya0xsbkc2ZGZQUUpEVzNpOUpkbHk2TkZ4RFVpWW5HUTJOR2VjTXFPaAowYVpKRS94K2ZOV1ozU09obXV4OTA1MlhZb1ZRZUQ5WXFGZEdNQjRlWHBNVGdjYXRKYUNxS0hCQnVoRytXdU5UClFsMHFWUXFrcEpwdk1HQ1FYOHhxaXdQcVdKUnpvRjFsQnZFZHhYWE9sd0pIUE1hZUNMTHQ1bnRlRGNIejFmZjAKWTlSdW9idldlYm1xRmxXQ2FqSzZxbGtSY3RMMEZmSmgvdElMMU1WUG1xZlRCUjJwUGdiRWVvd1NwQzRFYU1jUAp1aDd1dkc5Y05udjY3OHlJMWJmZUlLRllhVGwzQWdNQkFBR2pXVEJYTUE0R0ExVWREd0VCL3dRRUF3SUNwREFQCkJnTlZIUk1CQWY4RUJUQURBUUgvTUIwR0ExVWREZ1FXQkJTb3dXRkxZQlc2c0JsakltNzlDNTh4QnFveE9EQVYKQmdOVkhSRUVEakFNZ2dwcmRXSmxjbTVsZEdWek1BMEdDU3FHU0liM0RRRUJDd1VBQTRJQkFRQjNDRnlNaUd0WgpVUTBnUFNjQnVKaVV1NnY4bWIrL0x5RU4wU2krZ1E4SGM0UnB1c05rN3BtY25aTWg5MnJPQ0RHcWcvR1ljbFJqCkxidHQxN0J3b3NrWGRvdmhUaTBaVVl6a1pkSUhoUXF5NVp6by9ZR3BaYjBiWW1aR21yb0RyelIzeDEyZ2xxTFAKYldZNWJaeDl5OWJseGxUZ3pOamZJYnFsQjVZUDVGYUVkSFpaSEIwMjU2T1psK2NWOVk2M05meDRpK01LbGFKUgpKNWkwVEczVkRydlU2OWNibW1qUEtkaWIvMjAvU0dzbXVrKzlNMlc4bHpMTkVqakhmQno1RHFZMCtNd3E1L1crCmxwNHg4b2IrUmdESVk4MmVNbjQwQkxlMk5vZ0xkaXRjZy93czdCYUhXUG52N2NzVklDbmFpUGlPTlk5ZWJRNVoKbHR2YUZiMFJEajQyCi0tLS0tRU5EIENFUlRJRklDQVRFLS0tLS0K\n    server: https://127.0.0.1:62495\n  name: kind-sre-capstone-cluster\ncontexts:\n- context:\n    cluster: kind-sre-capstone-cluster\n    user: kind-sre-capstone-cluster\n  name: kind-sre-capstone-cluster\ncurrent-context: kind-sre-capstone-cluster\nkind: Config\npreferences: {}\nusers:\n- name: kind-sre-capstone-cluster\n  user:\n    client-certificate-data: LS0tLS1CRUdJTiBDRVJUSUZJQ0FURS0tLS0tCk1JSURLVENDQWhHZ0F3SUJBZ0lJS3JOWFJMUVFnWm93RFFZSktvWklodmNOQVFFTEJRQXdGVEVUTUJFR0ExVUUKQXhNS2EzVmlaWEp1WlhSbGN6QWVGdzB5TmpBMU1UY3dPVFU0TWpOYUZ3MHlOekExTVRjeE1EQXpNak5hTUR3eApIekFkQmdOVkJBb1RGbXQxWW1WaFpHMDZZMngxYzNSbGNpMWhaRzFwYm5NeEdUQVhCZ05WQkFNVEVHdDFZbVZ5CmJtVjBaWE10WVdSdGFXNHdnZ0VpTUEwR0NTcUdTSWIzRFFFQkFRVUFBNElCRHdBd2dnRUtBb0lCQVFERjV6a2EKTTRFcW1nZ1lWa1hyZ2dRckJJbVkzMUM5TlkxVWVwK3FubnduYThwVlJRMXgwVEUzMHZGS2hVVlhrV3lienFCcgp3elkwekZPS0Frc1BoT1cxVUI1REZQNi9RNWdVL2RNUGs5a3dzczJmTFRUSVRRU3JWa0FZaDN2RitTMlVIR3VpCkYycFFpMEhYK0lhendmYS95NERpZXA0M2U5YU9nRDZESnVvcWpsU283N3FkSjZ2eDJJNytjc0FGSkdoUmcwbUwKNlBoVDZhTXRMQnMySU1DTisrbkxSZlBKNWxBQkJhaFg1MXcrcnE0SEl5aVpZNHNINjViNlFMQXN3MU1ZVEhKagpCcHZHVWlkdWxvblR1YkQxaVIxckhKb2xJY2FuZGVHT3pqcnBpcWNaaXJQMzg1dkxvUHVQelZ2eGZZNHM5WEhJCnhyajV3WVlLdXpDSGUwNUZBZ01CQUFHalZqQlVNQTRHQTFVZER3RUIvd1FFQXdJRm9EQVRCZ05WSFNVRUREQUsKQmdnckJnRUZCUWNEQWpBTUJnTlZIUk1CQWY4RUFqQUFNQjhHQTFVZEl3UVlNQmFBRktqQllVdGdGYnF3R1dNaQpidjBMbnpFR3FqRTRNQTBHQ1NxR1NJYjNEUUVCQ3dVQUE0SUJBUUJQWmI2R3o4RjFiejlDTEdwYXlkVFNCT2lxClJaazJ4NTEySGdwQUFnQWNVT2d0QjQrUWZFemRnbkxFS1Q2TDlwWDVxNmpmVUVRUUg2SENHZ1B2SjRIYVJRY1QKK0pMcSt4NTlBeVhsR09manlXMlZuTTFXZXB5OUN5UjI4N3NCQ3orRGwvR2V5bThEN2JET0ZuZ2ZrekY3N0NUWApmTVNoYVl2NG5lSXg4RjF2Vy8rcGwranBLZWhnZXRpNk1nenBRVnY4Y2VNL21YaVQ1Q3Q4VkxPbWc1VVgrc1piCnZKM0pwdVJDMFdwOHk2aWFQWjJRRC83RlR1ZXBZUnZLNnVYSnhmTHdQa3ZVUzloYjQ5VThaYmR2V2FUL2ZoZHkKTm5sYUdlZ1kvMTArVmx2alNpaWdkUkNIZk9MTkovMWorUjBHNXBxd2lMT3g1SUNjeHBkNVltZ285VEs3Ci0tLS0tRU5EIENFUlRJRklDQVRFLS0tLS0K\n    client-key-data: LS0tLS1CRUdJTiBSU0EgUFJJVkFURSBLRVktLS0tLQpNSUlFb3dJQkFBS0NBUUVBeGVjNUdqT0JLcG9JR0ZaRjY0SUVLd1NKbU45UXZUV05WSHFmcXA1OEoydktWVVVOCmNkRXhOOUx4U29WRlY1RnNtODZnYThNMk5NeFRpZ0pMRDRUbHRWQWVReFQrdjBPWUZQM1RENVBaTUxMTm55MDAKeUUwRXExWkFHSWQ3eGZrdGxCeHJvaGRxVUl0QjEvaUdzOEgydjh1QTRucWVOM3ZXam9BK2d5YnFLbzVVcU8rNgpuU2VyOGRpTy9uTEFCU1JvVVlOSmkrajRVK21qTFN3Yk5pREFqZnZweTBYenllWlFBUVdvVitkY1BxNnVCeU1vCm1XT0xCK3VXK2tDd0xNTlRHRXh5WXdhYnhsSW5icGFKMDdtdzlZa2RheHlhSlNIR3AzWGhqczQ2NllxbkdZcXoKOS9PYnk2RDdqODFiOFgyT0xQVnh5TWE0K2NHR0Nyc3doM3RPUlFJREFRQUJBb0lCQUZNekFpNmh1SXZRZGRiRgpibCswS1V4c2UreG85ZWlWdXZUcEdIY0NhZStvd1VkWDRHOFpJemYwMXJ3ZGl5bGxXZU9tMm9welp6YUxNQk8xCkl4bERKYzh6LzRUMExxVDZKZFd0WUM0TVdpSy9DUE1DYms1SEVzOTFVeno4dUd4aWRXYnZDOUQ1UnhqVmNyajUKSXFndnd5eWV3WEIxWEU2M0lWeUhUY0NWZTV5bnU4c0lDRm1aamRCOHFhYldLQTdoVm1yV2txYzJ6RWJ5QjZTRApqdkxaWHRjb1RSY3M4R1B0bDZKdThkdzZqZ05lVjZaTFV0Ukx1YkU4dEhNaEJFbXlnYUxXb2NSZDhlNW9icWNTCndOSzJQVVhNU0dWVVBXUng1a1VtRVpIUE9EVEI2VVRyMlA1ekFSQmg5bjhnQmNCU09mOWFRbi9tUGlkVHVyVkkKN28vNi9BRUNnWUVBOUZYRTkyWWRqemxqdk9DTkxmZWZHSmZrYy85dFFpejdBWTJuRVQ5Ri9Xd2Q4NFFOZDZOQwpGdkl1bmJvakxnVW5RYXphbUhudVVLamw1QURIM3Ficy9Idy9XRW9zS2svWlFlcTIzKzJ4TTg0UXNmOCtwbDlWCm83dlQ1ak8zbUNxd2ltNXJsa0kzTDNURUZMdjhubXZBQURNcmxnOXpQNDVKZzB0OWsyM0p6NzBDZ1lFQXoxbjQKVlh4TXBSbmgvcTcrdEg4RFZGNkVaUzNZVEFiV0hXWlVHSjljMCswc2F0WCtiNEdrajdxaWhlZGpkQjNETzR3MQpBTkJoeFl5YVQ0VUVXR2tVK0NoMlVFSGpKK2hteVd3VEJ6V0F3aXZYYnROZVgzazk2ZXFnU0x5YTJwczZLdUJ4Cnl2VDBuM0xJbnBFQktOcloyb1h3Zm1yQUJIR0w2YkFMQ0RSZFBTa0NnWUF1ZGZqRVNvaW9hWE5Md1M5WFpGUysKYW5Pb2t4T0ZsK1FMQVpLWk52enFHWnNBYVVYZVVBOExLZll2Uyt2UW5tNCtrTTNvWEpjeWcwdGp0YnBMM2xZRwpGT0krdWF2NFI4SzZSQldPTXphVThVUS9kSmZITHkycnV0V3FXbjg0MGpWTHZYOTd6UStOV0pqSWtJNlMyVTVqCk8xZTRheXV4RkM5cVpmcDFCRlZ4eVFLQmdRQ3NaemMzQk5uSmNPTGFXdkJHYlZEOFpuWVlsbXpBa2ZLWGtVeWQKQ0d3cmZZa3Y3MnZWbE9xWjR1bGRBczVMYnErMHBGZ3hyQkdQS3QvbS9FZG5weitiTWpGbGU5TCtqSnBpSVcwVQowbVNUamRaYlBIMjhUbGV2VmJrZG9VdjBOWnJBcWN1VG4rYUJhUFByKzg4R0JDbWRLejZTTGZvbjk2MElpYW95CmtTOXhPUUtCZ0ZNRUkwNlB0NitHVlJ4T1RPbHVVODluMXRGWmh2NHVHQUpXbGM3dDJZT0lmRGQxVldTQjJnWk8KM1NzckI4ZFZMZXpNS3BiUGQxQ3Z5ejFOWWllUnJKS1BRTUVFY2ZuWTZQUlc5YXRhTExNS29peFoxZ25wbzMrSgpxeWlOYjdQbHRKZ0FVQld5NFJUUVVXMVFqZit1ODVFYkRaeFk4aFVHSzgyUmNMREh6VUhmCi0tLS0tRU5EIFJTQSBQUklWQVRFIEtFWS0tLS0tCg==\n",
            "kubeconfig_path": "C:\\projectsaitu\\sreprojectlibrary\\end_nosql\\terraform\\sre-capstone-cluster-config",
            "name": "sre-capstone-cluster",
            "node_image": null,
            "timeouts": null,
            "wait_for_ready": true
          },
          "sensitive_attributes": [],
          "identity_schema_version": 0,
          "private": "eyJlMmJmYjczMC1lY2FhLTExZTYtOGY4OC0zNDM2M2JjN2M0YzAiOnsiY3JlYXRlIjozMDAwMDAwMDAwMDAsImRlbGV0ZSI6MzAwMDAwMDAwMDAwLCJ1cGRhdGUiOjMwMDAwMDAwMDAwMH19"
        }
      ]
    },
    {
      "mode": "managed",
      "type": "kubernetes_config_map",
      "name": "prometheus_config",
      "provider": "provider[\"registry.terraform.io/hashicorp/kubernetes\"]",
      "instances": [
        {
          "schema_version": 0,
          "attributes": {
            "binary_data": null,
            "data": {
              "alert_rules.yml": "groups:\r\n  - name: library_alerts\r\n    rules:\r\n\r\n      - alert: BackendDown\r\n        expr: up{job=\"backend\"} == 0\r\n        for: 1m\r\n        labels:\r\n          severity: warning\r\n        annotations:\r\n          summary: \"Backend is down\"\r\n          description: \"Backend service unavailable.\"\r\n\r\n      - alert: HighCPUUsage\r\n        expr: rate(process_cpu_seconds_total[1m]) \u003e 0.5\r\n        for: 30s\r\n        labels:\r\n          severity: critical\r\n        annotations:\r\n          summary: \"High CPU usage\"\r\n          description: \"CPU usage is too high.\"\r\n",
              "prometheus.yml": "global:\r\n  scrape_interval: 5s\r\n\r\nrule_files:\r\n  - \"/etc/prometheus/alert_rules.yml\"\r\n\r\nscrape_configs:\r\n\r\n  - job_name: 'backend'\r\n    metrics_path: /metrics\r\n    static_configs:\r\n      - targets: ['backend-service:5000']\r\n\r\n  - job_name: 'node-exporter'\r\n    static_configs:\r\n      - targets: ['node-exporter:9100']\r\n"
            },
            "id": "default/prometheus-config",
            "immutable": false,
            "metadata": [
              {
                "annotations": null,
                "generate_name": "",
                "generation": 0,
                "labels": null,
                "name": "prometheus-config",
                "namespace": "default",
                "resource_version": "5564",
                "uid": "77431634-392d-4228-9533-ea8b541b9078"
              }
            ]
          },
          "sensitive_attributes": [],
          "identity_schema_version": 0,
          "private": "bnVsbA==",
          "dependencies": [
            "kind_cluster.sre_local_cluster"
          ]
        }
      ]
    },
    {
      "mode": "managed",
      "type": "kubernetes_deployment",
      "name": "backend",
      "provider": "provider[\"registry.terraform.io/hashicorp/kubernetes\"]",
      "instances": [
        {
          "schema_version": 1,
          "attributes": {
            "id": "default/backend",
            "metadata": [
              {
                "annotations": null,
                "generate_name": "",
                "generation": 1,
                "labels": null,
                "name": "backend",
                "namespace": "default",
                "resource_version": "5743",
                "uid": "f7a16522-b618-4c5c-85a1-8a157c53739a"
              }
            ],
            "spec": [
              {
                "min_ready_seconds": 0,
                "paused": false,
                "progress_deadline_seconds": 600,
                "replicas": "3",
                "revision_history_limit": 10,
                "selector": [
                  {
                    "match_expressions": [],
                    "match_labels": {
                      "app": "backend"
                    }
                  }
                ],
                "strategy": [
                  {
                    "rolling_update": [
                      {
                        "max_surge": "25%",
                        "max_unavailable": "25%"
                      }
                    ],
                    "type": "RollingUpdate"
                  }
                ],
                "template": [
                  {
                    "metadata": [
                      {
                        "annotations": null,
                        "generate_name": "",
                        "generation": 0,
                        "labels": {
                          "app": "backend"
                        },
                        "name": "",
                        "namespace": "",
                        "resource_version": "",
                        "uid": ""
                      }
                    ],
                    "spec": [
                      {
                        "active_deadline_seconds": 0,
                        "affinity": [],
                        "automount_service_account_token": true,
                        "container": [
                          {
                            "args": null,
                            "command": null,
                            "env": [
                              {
                                "name": "MONGODB_URI",
                                "value": "mongodb://mongodb:27017/library_db",
                                "value_from": []
                              },
                              {
                                "name": "JWT_SECRET",
                                "value": "supersecretkey",
                                "value_from": []
                              }
                            ],
                            "env_from": [],
                            "image": "library-backend:latest",
                            "image_pull_policy": "Never",
                            "lifecycle": [],
                            "liveness_probe": [],
                            "name": "backend",
                            "port": [
                              {
                                "container_port": 5000,
                                "host_ip": "",
                                "host_port": 0,
                                "name": "",
                                "protocol": "TCP"
                              }
                            ],
                            "readiness_probe": [],
                            "resources": [
                              {
                                "limits": {
                                  "cpu": "500m",
                                  "memory": "512Mi"
                                },
                                "requests": {
                                  "cpu": "200m",
                                  "memory": "256Mi"
                                }
                              }
                            ],
                            "security_context": [],
                            "startup_probe": [],
                            "stdin": false,
                            "stdin_once": false,
                            "termination_message_path": "/dev/termination-log",
                            "termination_message_policy": "File",
                            "tty": false,
                            "volume_device": [],
                            "volume_mount": [],
                            "working_dir": ""
                          }
                        ],
                        "dns_config": [],
                        "dns_policy": "ClusterFirst",
                        "enable_service_links": true,
                        "host_aliases": [],
                        "host_ipc": false,
                        "host_network": false,
                        "host_pid": false,
                        "hostname": "",
                        "image_pull_secrets": [],
                        "init_container": [],
                        "node_name": "",
                        "node_selector": null,
                        "os": [],
                        "priority_class_name": "",
                        "readiness_gate": [],
                        "restart_policy": "Always",
                        "runtime_class_name": "",
                        "scheduler_name": "default-scheduler",
                        "security_context": [],
                        "service_account_name": "",
                        "share_process_namespace": false,
                        "subdomain": "",
                        "termination_grace_period_seconds": 30,
                        "toleration": [],
                        "topology_spread_constraint": [],
                        "volume": []
                      }
                    ]
                  }
                ]
              }
            ],
            "timeouts": null,
            "wait_for_rollout": true
          },
          "sensitive_attributes": [],
          "identity_schema_version": 0,
          "private": "eyJlMmJmYjczMC1lY2FhLTExZTYtOGY4OC0zNDM2M2JjN2M0YzAiOnsiY3JlYXRlIjo2MDAwMDAwMDAwMDAsImRlbGV0ZSI6NjAwMDAwMDAwMDAwLCJ1cGRhdGUiOjYwMDAwMDAwMDAwMH0sInNjaGVtYV92ZXJzaW9uIjoiMSJ9",
          "dependencies": [
            "kind_cluster.sre_local_cluster"
          ]
        }
      ]
    },
    {
      "mode": "managed",
      "type": "kubernetes_deployment",
      "name": "frontend",
      "provider": "provider[\"registry.terraform.io/hashicorp/kubernetes\"]",
      "instances": [
        {
          "schema_version": 1,
          "attributes": {
            "id": "default/frontend",
            "metadata": [
              {
                "annotations": null,
                "generate_name": "",
                "generation": 1,
                "labels": null,
                "name": "frontend",
                "namespace": "default",
                "resource_version": "5739",
                "uid": "ae5fa7c2-9b84-4e2c-9fcb-4b5b8b08ce5e"
              }
            ],
            "spec": [
              {
                "min_ready_seconds": 0,
                "paused": false,
                "progress_deadline_seconds": 600,
                "replicas": "3",
                "revision_history_limit": 10,
                "selector": [
                  {
                    "match_expressions": [],
                    "match_labels": {
                      "app": "frontend"
                    }
                  }
                ],
                "strategy": [
                  {
                    "rolling_update": [
                      {
                        "max_surge": "25%",
                        "max_unavailable": "25%"
                      }
                    ],
                    "type": "RollingUpdate"
                  }
                ],
                "template": [
                  {
                    "metadata": [
                      {
                        "annotations": null,
                        "generate_name": "",
                        "generation": 0,
                        "labels": {
                          "app": "frontend"
                        },
                        "name": "",
                        "namespace": "",
                        "resource_version": "",
                        "uid": ""
                      }
                    ],
                    "spec": [
                      {
                        "active_deadline_seconds": 0,
                        "affinity": [],
                        "automount_service_account_token": true,
                        "container": [
                          {
                            "args": null,
                            "command": null,
                            "env": [],
                            "env_from": [],
                            "image": "library-frontend:latest",
                            "image_pull_policy": "Never",
                            "lifecycle": [],
                            "liveness_probe": [],
                            "name": "frontend",
                            "port": [
                              {
                                "container_port": 80,
                                "host_ip": "",
                                "host_port": 0,
                                "name": "",
                                "protocol": "TCP"
                              }
                            ],
                            "readiness_probe": [],
                            "resources": [
                              {
                                "limits": {},
                                "requests": {}
                              }
                            ],
                            "security_context": [],
                            "startup_probe": [],
                            "stdin": false,
                            "stdin_once": false,
                            "termination_message_path": "/dev/termination-log",
                            "termination_message_policy": "File",
                            "tty": false,
                            "volume_device": [],
                            "volume_mount": [],
                            "working_dir": ""
                          }
                        ],
                        "dns_config": [],
                        "dns_policy": "ClusterFirst",
                        "enable_service_links": true,
                        "host_aliases": [],
                        "host_ipc": false,
                        "host_network": false,
                        "host_pid": false,
                        "hostname": "",
                        "image_pull_secrets": [],
                        "init_container": [],
                        "node_name": "",
                        "node_selector": null,
                        "os": [],
                        "priority_class_name": "",
                        "readiness_gate": [],
                        "restart_policy": "Always",
                        "runtime_class_name": "",
                        "scheduler_name": "default-scheduler",
                        "security_context": [],
                        "service_account_name": "",
                        "share_process_namespace": false,
                        "subdomain": "",
                        "termination_grace_period_seconds": 30,
                        "toleration": [],
                        "topology_spread_constraint": [],
                        "volume": []
                      }
                    ]
                  }
                ]
              }
            ],
            "timeouts": null,
            "wait_for_rollout": true
          },
          "sensitive_attributes": [],
          "identity_schema_version": 0,
          "private": "eyJlMmJmYjczMC1lY2FhLTExZTYtOGY4OC0zNDM2M2JjN2M0YzAiOnsiY3JlYXRlIjo2MDAwMDAwMDAwMDAsImRlbGV0ZSI6NjAwMDAwMDAwMDAwLCJ1cGRhdGUiOjYwMDAwMDAwMDAwMH0sInNjaGVtYV92ZXJzaW9uIjoiMSJ9",
          "dependencies": [
            "kind_cluster.sre_local_cluster"
          ]
        }
      ]
    },
    {
      "mode": "managed",
      "type": "kubernetes_deployment",
      "name": "grafana",
      "provider": "provider[\"registry.terraform.io/hashicorp/kubernetes\"]",
      "instances": [
        {
          "schema_version": 1,
          "attributes": {
            "id": "default/grafana",
            "metadata": [
              {
                "annotations": {},
                "generate_name": "",
                "generation": 1,
                "labels": {},
                "name": "grafana",
                "namespace": "default",
                "resource_version": "737",
                "uid": "d4b41582-63f8-4b09-b67b-e3a08f263ca4"
              }
            ],
            "spec": [
              {
                "min_ready_seconds": 0,
                "paused": false,
                "progress_deadline_seconds": 600,
                "replicas": "1",
                "revision_history_limit": 10,
                "selector": [
                  {
                    "match_expressions": [],
                    "match_labels": {
                      "app": "grafana"
                    }
                  }
                ],
                "strategy": [
                  {
                    "rolling_update": [
                      {
                        "max_surge": "25%",
                        "max_unavailable": "25%"
                      }
                    ],
                    "type": "RollingUpdate"
                  }
                ],
                "template": [
                  {
                    "metadata": [
                      {
                        "annotations": {},
                        "generate_name": "",
                        "generation": 0,
                        "labels": {
                          "app": "grafana"
                        },
                        "name": "",
                        "namespace": "",
                        "resource_version": "",
                        "uid": ""
                      }
                    ],
                    "spec": [
                      {
                        "active_deadline_seconds": 0,
                        "affinity": [],
                        "automount_service_account_token": true,
                        "container": [
                          {
                            "args": [],
                            "command": [],
                            "env": [],
                            "env_from": [],
                            "image": "grafana/grafana:latest",
                            "image_pull_policy": "Always",
                            "lifecycle": [],
                            "liveness_probe": [],
                            "name": "grafana",
                            "port": [
                              {
                                "container_port": 3000,
                                "host_ip": "",
                                "host_port": 0,
                                "name": "",
                                "protocol": "TCP"
                              }
                            ],
                            "readiness_probe": [],
                            "resources": [
                              {
                                "limits": {},
                                "requests": {}
                              }
                            ],
                            "security_context": [],
                            "startup_probe": [],
                            "stdin": false,
                            "stdin_once": false,
                            "termination_message_path": "/dev/termination-log",
                            "termination_message_policy": "File",
                            "tty": false,
                            "volume_device": [],
                            "volume_mount": [],
                            "working_dir": ""
                          }
                        ],
                        "dns_config": [],
                        "dns_policy": "ClusterFirst",
                        "enable_service_links": true,
                        "host_aliases": [],
                        "host_ipc": false,
                        "host_network": false,
                        "host_pid": false,
                        "hostname": "",
                        "image_pull_secrets": [],
                        "init_container": [],
                        "node_name": "",
                        "node_selector": {},
                        "os": [],
                        "priority_class_name": "",
                        "readiness_gate": [],
                        "restart_policy": "Always",
                        "runtime_class_name": "",
                        "scheduler_name": "default-scheduler",
                        "security_context": [],
                        "service_account_name": "",
                        "share_process_namespace": false,
                        "subdomain": "",
                        "termination_grace_period_seconds": 30,
                        "toleration": [],
                        "topology_spread_constraint": [],
                        "volume": []
                      }
                    ]
                  }
                ]
              }
            ],
            "timeouts": null,
            "wait_for_rollout": true
          },
          "sensitive_attributes": [],
          "identity_schema_version": 0,
          "private": "eyJlMmJmYjczMC1lY2FhLTExZTYtOGY4OC0zNDM2M2JjN2M0YzAiOnsiY3JlYXRlIjo2MDAwMDAwMDAwMDAsImRlbGV0ZSI6NjAwMDAwMDAwMDAwLCJ1cGRhdGUiOjYwMDAwMDAwMDAwMH0sInNjaGVtYV92ZXJzaW9uIjoiMSJ9",
          "dependencies": [
            "kind_cluster.sre_local_cluster"
          ]
        }
      ]
    },
    {
      "mode": "managed",
      "type": "kubernetes_deployment",
      "name": "mongodb",
      "provider": "provider[\"registry.terraform.io/hashicorp/kubernetes\"]",
      "instances": [
        {
          "schema_version": 1,
          "attributes": {
            "id": "default/mongodb",
            "metadata": [
              {
                "annotations": {},
                "generate_name": "",
                "generation": 1,
                "labels": {},
                "name": "mongodb",
                "namespace": "default",
                "resource_version": "875",
                "uid": "00f625cf-8211-4691-8c9c-6588e19057f5"
              }
            ],
            "spec": [
              {
                "min_ready_seconds": 0,
                "paused": false,
                "progress_deadline_seconds": 600,
                "replicas": "1",
                "revision_history_limit": 10,
                "selector": [
                  {
                    "match_expressions": [],
                    "match_labels": {
                      "app": "mongodb"
                    }
                  }
                ],
                "strategy": [
                  {
                    "rolling_update": [
                      {
                        "max_surge": "25%",
                        "max_unavailable": "25%"
                      }
                    ],
                    "type": "RollingUpdate"
                  }
                ],
                "template": [
                  {
                    "metadata": [
                      {
                        "annotations": {},
                        "generate_name": "",
                        "generation": 0,
                        "labels": {
                          "app": "mongodb"
                        },
                        "name": "",
                        "namespace": "",
                        "resource_version": "",
                        "uid": ""
                      }
                    ],
                    "spec": [
                      {
                        "active_deadline_seconds": 0,
                        "affinity": [],
                        "automount_service_account_token": true,
                        "container": [
                          {
                            "args": [],
                            "command": [],
                            "env": [],
                            "env_from": [],
                            "image": "mongo:6.0",
                            "image_pull_policy": "IfNotPresent",
                            "lifecycle": [],
                            "liveness_probe": [],
                            "name": "mongodb",
                            "port": [
                              {
                                "container_port": 27017,
                                "host_ip": "",
                                "host_port": 0,
                                "name": "",
                                "protocol": "TCP"
                              }
                            ],
                            "readiness_probe": [],
                            "resources": [
                              {
                                "limits": {},
                                "requests": {}
                              }
                            ],
                            "security_context": [],
                            "startup_probe": [],
                            "stdin": false,
                            "stdin_once": false,
                            "termination_message_path": "/dev/termination-log",
                            "termination_message_policy": "File",
                            "tty": false,
                            "volume_device": [],
                            "volume_mount": [],
                            "working_dir": ""
                          }
                        ],
                        "dns_config": [],
                        "dns_policy": "ClusterFirst",
                        "enable_service_links": true,
                        "host_aliases": [],
                        "host_ipc": false,
                        "host_network": false,
                        "host_pid": false,
                        "hostname": "",
                        "image_pull_secrets": [],
                        "init_container": [],
                        "node_name": "",
                        "node_selector": {},
                        "os": [],
                        "priority_class_name": "",
                        "readiness_gate": [],
                        "restart_policy": "Always",
                        "runtime_class_name": "",
                        "scheduler_name": "default-scheduler",
                        "security_context": [],
                        "service_account_name": "",
                        "share_process_namespace": false,
                        "subdomain": "",
                        "termination_grace_period_seconds": 30,
                        "toleration": [],
                        "topology_spread_constraint": [],
                        "volume": []
                      }
                    ]
                  }
                ]
              }
            ],
            "timeouts": null,
            "wait_for_rollout": true
          },
          "sensitive_attributes": [],
          "identity_schema_version": 0,
          "private": "eyJlMmJmYjczMC1lY2FhLTExZTYtOGY4OC0zNDM2M2JjN2M0YzAiOnsiY3JlYXRlIjo2MDAwMDAwMDAwMDAsImRlbGV0ZSI6NjAwMDAwMDAwMDAwLCJ1cGRhdGUiOjYwMDAwMDAwMDAwMH0sInNjaGVtYV92ZXJzaW9uIjoiMSJ9",
          "dependencies": [
            "kind_cluster.sre_local_cluster"
          ]
        }
      ]
    },
    {
      "mode": "managed",
      "type": "kubernetes_deployment",
      "name": "node_exporter",
      "provider": "provider[\"registry.terraform.io/hashicorp/kubernetes\"]",
      "instances": [
        {
          "schema_version": 1,
          "attributes": {
            "id": "default/node-exporter",
            "metadata": [
              {
                "annotations": null,
                "generate_name": "",
                "generation": 1,
                "labels": null,
                "name": "node-exporter",
                "namespace": "default",
                "resource_version": "5774",
                "uid": "a307e4d2-4a31-4fda-b1d0-550dc557b9e9"
              }
            ],
            "spec": [
              {
                "min_ready_seconds": 0,
                "paused": false,
                "progress_deadline_seconds": 600,
                "replicas": "1",
                "revision_history_limit": 10,
                "selector": [
                  {
                    "match_expressions": [],
                    "match_labels": {
                      "app": "node-exporter"
                    }
                  }
                ],
                "strategy": [
                  {
                    "rolling_update": [
                      {
                        "max_surge": "25%",
                        "max_unavailable": "25%"
                      }
                    ],
                    "type": "RollingUpdate"
                  }
                ],
                "template": [
                  {
                    "metadata": [
                      {
                        "annotations": null,
                        "generate_name": "",
                        "generation": 0,
                        "labels": {
                          "app": "node-exporter"
                        },
                        "name": "",
                        "namespace": "",
                        "resource_version": "",
                        "uid": ""
                      }
                    ],
                    "spec": [
                      {
                        "active_deadline_seconds": 0,
                        "affinity": [],
                        "automount_service_account_token": true,
                        "container": [
                          {
                            "args": null,
                            "command": null,
                            "env": [],
                            "env_from": [],
                            "image": "prom/node-exporter:latest",
                            "image_pull_policy": "Always",
                            "lifecycle": [],
                            "liveness_probe": [],
                            "name": "node-exporter",
                            "port": [
                              {
                                "container_port": 9100,
                                "host_ip": "",
                                "host_port": 0,
                                "name": "",
                                "protocol": "TCP"
                              }
                            ],
                            "readiness_probe": [],
                            "resources": [
                              {
                                "limits": {},
                                "requests": {}
                              }
                            ],
                            "security_context": [],
                            "startup_probe": [],
                            "stdin": false,
                            "stdin_once": false,
                            "termination_message_path": "/dev/termination-log",
                            "termination_message_policy": "File",
                            "tty": false,
                            "volume_device": [],
                            "volume_mount": [],
                            "working_dir": ""
                          }
                        ],
                        "dns_config": [],
                        "dns_policy": "ClusterFirst",
                        "enable_service_links": true,
                        "host_aliases": [],
                        "host_ipc": false,
                        "host_network": false,
                        "host_pid": false,
                        "hostname": "",
                        "image_pull_secrets": [],
                        "init_container": [],
                        "node_name": "",
                        "node_selector": null,
                        "os": [],
                        "priority_class_name": "",
                        "readiness_gate": [],
                        "restart_policy": "Always",
                        "runtime_class_name": "",
                        "scheduler_name": "default-scheduler",
                        "security_context": [],
                        "service_account_name": "",
                        "share_process_namespace": false,
                        "subdomain": "",
                        "termination_grace_period_seconds": 30,
                        "toleration": [],
                        "topology_spread_constraint": [],
                        "volume": []
                      }
                    ]
                  }
                ]
              }
            ],
            "timeouts": null,
            "wait_for_rollout": true
          },
          "sensitive_attributes": [],
          "identity_schema_version": 0,
          "private": "eyJlMmJmYjczMC1lY2FhLTExZTYtOGY4OC0zNDM2M2JjN2M0YzAiOnsiY3JlYXRlIjo2MDAwMDAwMDAwMDAsImRlbGV0ZSI6NjAwMDAwMDAwMDAwLCJ1cGRhdGUiOjYwMDAwMDAwMDAwMH0sInNjaGVtYV92ZXJzaW9uIjoiMSJ9",
          "dependencies": [
            "kind_cluster.sre_local_cluster"
          ]
        }
      ]
    },
    {
      "mode": "managed",
      "type": "kubernetes_deployment",
      "name": "prometheus",
      "provider": "provider[\"registry.terraform.io/hashicorp/kubernetes\"]",
      "instances": [
        {
          "schema_version": 1,
          "attributes": {
            "id": "default/prometheus",
            "metadata": [
              {
                "annotations": {},
                "generate_name": "",
                "generation": 2,
                "labels": {},
                "name": "prometheus",
                "namespace": "default",
                "resource_version": "5794",
                "uid": "525564a3-5ba6-4edb-8930-6e7c14cf061c"
              }
            ],
            "spec": [
              {
                "min_ready_seconds": 0,
                "paused": false,
                "progress_deadline_seconds": 600,
                "replicas": "1",
                "revision_history_limit": 10,
                "selector": [
                  {
                    "match_expressions": [],
                    "match_labels": {
                      "app": "prometheus"
                    }
                  }
                ],
                "strategy": [
                  {
                    "rolling_update": [
                      {
                        "max_surge": "25%",
                        "max_unavailable": "25%"
                      }
                    ],
                    "type": "RollingUpdate"
                  }
                ],
                "template": [
                  {
                    "metadata": [
                      {
                        "annotations": {},
                        "generate_name": "",
                        "generation": 0,
                        "labels": {
                          "app": "prometheus"
                        },
                        "name": "",
                        "namespace": "",
                        "resource_version": "",
                        "uid": ""
                      }
                    ],
                    "spec": [
                      {
                        "active_deadline_seconds": 0,
                        "affinity": [],
                        "automount_service_account_token": true,
                        "container": [
                          {
                            "args": [
                              "--config.file=/etc/prometheus/prometheus.yml"
                            ],
                            "command": [],
                            "env": [],
                            "env_from": [],
                            "image": "prom/prometheus:latest",
                            "image_pull_policy": "Always",
                            "lifecycle": [],
                            "liveness_probe": [],
                            "name": "prometheus",
                            "port": [
                              {
                                "container_port": 9090,
                                "host_ip": "",
                                "host_port": 0,
                                "name": "",
                                "protocol": "TCP"
                              }
                            ],
                            "readiness_probe": [],
                            "resources": [
                              {
                                "limits": {},
                                "requests": {}
                              }
                            ],
                            "security_context": [],
                            "startup_probe": [],
                            "stdin": false,
                            "stdin_once": false,
                            "termination_message_path": "/dev/termination-log",
                            "termination_message_policy": "File",
                            "tty": false,
                            "volume_device": [],
                            "volume_mount": [
                              {
                                "mount_path": "/etc/prometheus",
                                "mount_propagation": "None",
                                "name": "prometheus-config-volume",
                                "read_only": false,
                                "sub_path": ""
                              }
                            ],
                            "working_dir": ""
                          }
                        ],
                        "dns_config": [],
                        "dns_policy": "ClusterFirst",
                        "enable_service_links": true,
                        "host_aliases": [],
                        "host_ipc": false,
                        "host_network": false,
                        "host_pid": false,
                        "hostname": "",
                        "image_pull_secrets": [],
                        "init_container": [],
                        "node_name": "",
                        "node_selector": {},
                        "os": [],
                        "priority_class_name": "",
                        "readiness_gate": [],
                        "restart_policy": "Always",
                        "runtime_class_name": "",
                        "scheduler_name": "default-scheduler",
                        "security_context": [],
                        "service_account_name": "",
                        "share_process_namespace": false,
                        "subdomain": "",
                        "termination_grace_period_seconds": 30,
                        "toleration": [],
                        "topology_spread_constraint": [],
                        "volume": [
                          {
                            "aws_elastic_block_store": [],
                            "azure_disk": [],
                            "azure_file": [],
                            "ceph_fs": [],
                            "cinder": [],
                            "config_map": [
                              {
                                "default_mode": "0644",
                                "items": [],
                                "name": "prometheus-config",
                                "optional": false
                              }
                            ],
                            "csi": [],
                            "downward_api": [],
                            "empty_dir": [],
                            "ephemeral": [],
                            "fc": [],
                            "flex_volume": [],
                            "flocker": [],
                            "gce_persistent_disk": [],
                            "git_repo": [],
                            "glusterfs": [],
                            "host_path": [],
                            "iscsi": [],
                            "local": [],
                            "name": "prometheus-config-volume",
                            "nfs": [],
                            "persistent_volume_claim": [],
                            "photon_persistent_disk": [],
                            "projected": [],
                            "quobyte": [],
                            "rbd": [],
                            "secret": [],
                            "vsphere_volume": []
                          }
                        ]
                      }
                    ]
                  }
                ]
              }
            ],
            "timeouts": null,
            "wait_for_rollout": true
          },
          "sensitive_attributes": [],
          "identity_schema_version": 0,
          "private": "eyJlMmJmYjczMC1lY2FhLTExZTYtOGY4OC0zNDM2M2JjN2M0YzAiOnsiY3JlYXRlIjo2MDAwMDAwMDAwMDAsImRlbGV0ZSI6NjAwMDAwMDAwMDAwLCJ1cGRhdGUiOjYwMDAwMDAwMDAwMH0sInNjaGVtYV92ZXJzaW9uIjoiMSJ9",
          "dependencies": [
            "kind_cluster.sre_local_cluster",
            "kubernetes_config_map.prometheus_config"
          ]
        }
      ]
    },
    {
      "mode": "managed",
      "type": "kubernetes_service",
      "name": "backend_service",
      "provider": "provider[\"registry.terraform.io/hashicorp/kubernetes\"]",
      "instances": [
        {
          "schema_version": 1,
          "attributes": {
            "id": "default/backend-service",
            "metadata": [
              {
                "annotations": {},
                "generate_name": "",
                "generation": 0,
                "labels": {},
                "name": "backend-service",
                "namespace": "default",
                "resource_version": "489",
                "uid": "60f99513-f00f-49dd-9079-790c9a3e0370"
              }
            ],
            "spec": [
              {
                "allocate_load_balancer_node_ports": true,
                "cluster_ip": "10.96.216.136",
                "cluster_ips": [
                  "10.96.216.136"
                ],
                "external_ips": [],
                "external_name": "",
                "external_traffic_policy": "Cluster",
                "health_check_node_port": 0,
                "internal_traffic_policy": "Cluster",
                "ip_families": [
                  "IPv4"
                ],
                "ip_family_policy": "SingleStack",
                "load_balancer_class": "",
                "load_balancer_ip": "",
                "load_balancer_source_ranges": [],
                "port": [
                  {
                    "app_protocol": "",
                    "name": "",
                    "node_port": 30001,
                    "port": 5000,
                    "protocol": "TCP",
                    "target_port": "5000"
                  }
                ],
                "publish_not_ready_addresses": false,
                "selector": {
                  "app": "backend"
                },
                "session_affinity": "None",
                "session_affinity_config": [],
                "type": "NodePort"
              }
            ],
            "status": [
              {
                "load_balancer": [
                  {
                    "ingress": []
                  }
                ]
              }
            ],
            "timeouts": null,
            "wait_for_load_balancer": true
          },
          "sensitive_attributes": [],
          "identity_schema_version": 0,
          "private": "eyJlMmJmYjczMC1lY2FhLTExZTYtOGY4OC0zNDM2M2JjN2M0YzAiOnsiY3JlYXRlIjo2MDAwMDAwMDAwMDB9LCJzY2hlbWFfdmVyc2lvbiI6IjEifQ==",
          "dependencies": [
            "kind_cluster.sre_local_cluster"
          ]
        }
      ]
    },
    {
      "mode": "managed",
      "type": "kubernetes_service",
      "name": "frontend_service",
      "provider": "provider[\"registry.terraform.io/hashicorp/kubernetes\"]",
      "instances": [
        {
          "schema_version": 1,
          "attributes": {
            "id": "default/frontend-service",
            "metadata": [
              {
                "annotations": {},
                "generate_name": "",
                "generation": 0,
                "labels": {},
                "name": "frontend-service",
                "namespace": "default",
                "resource_version": "449",
                "uid": "1de2bd0b-2ae5-4e4e-82ab-2e8f1d5c4610"
              }
            ],
            "spec": [
              {
                "allocate_load_balancer_node_ports": true,
                "cluster_ip": "10.96.197.218",
                "cluster_ips": [
                  "10.96.197.218"
                ],
                "external_ips": [],
                "external_name": "",
                "external_traffic_policy": "Cluster",
                "health_check_node_port": 0,
                "internal_traffic_policy": "Cluster",
                "ip_families": [
                  "IPv4"
                ],
                "ip_family_policy": "SingleStack",
                "load_balancer_class": "",
                "load_balancer_ip": "",
                "load_balancer_source_ranges": [],
                "port": [
                  {
                    "app_protocol": "",
                    "name": "",
                    "node_port": 30000,
                    "port": 80,
                    "protocol": "TCP",
                    "target_port": "80"
                  }
                ],
                "publish_not_ready_addresses": false,
                "selector": {
                  "app": "frontend"
                },
                "session_affinity": "None",
                "session_affinity_config": [],
                "type": "NodePort"
              }
            ],
            "status": [
              {
                "load_balancer": [
                  {
                    "ingress": []
                  }
                ]
              }
            ],
            "timeouts": null,
            "wait_for_load_balancer": true
          },
          "sensitive_attributes": [],
          "identity_schema_version": 0,
          "private": "eyJlMmJmYjczMC1lY2FhLTExZTYtOGY4OC0zNDM2M2JjN2M0YzAiOnsiY3JlYXRlIjo2MDAwMDAwMDAwMDB9LCJzY2hlbWFfdmVyc2lvbiI6IjEifQ==",
          "dependencies": [
            "kind_cluster.sre_local_cluster"
          ]
        }
      ]
    },
    {
      "mode": "managed",
      "type": "kubernetes_service",
      "name": "grafana_service",
      "provider": "provider[\"registry.terraform.io/hashicorp/kubernetes\"]",
      "instances": [
        {
          "schema_version": 1,
          "attributes": {
            "id": "default/grafana-service",
            "metadata": [
              {
                "annotations": {},
                "generate_name": "",
                "generation": 0,
                "labels": {},
                "name": "grafana-service",
                "namespace": "default",
                "resource_version": "457",
                "uid": "860e6b4e-fb78-4693-b938-0ffb381eaa93"
              }
            ],
            "spec": [
              {
                "allocate_load_balancer_node_ports": true,
                "cluster_ip": "10.96.112.179",
                "cluster_ips": [
                  "10.96.112.179"
                ],
                "external_ips": [],
                "external_name": "",
                "external_traffic_policy": "Cluster",
                "health_check_node_port": 0,
                "internal_traffic_policy": "Cluster",
                "ip_families": [
                  "IPv4"
                ],
                "ip_family_policy": "SingleStack",
                "load_balancer_class": "",
                "load_balancer_ip": "",
                "load_balancer_source_ranges": [],
                "port": [
                  {
                    "app_protocol": "",
                    "name": "",
                    "node_port": 30003,
                    "port": 3000,
                    "protocol": "TCP",
                    "target_port": "3000"
                  }
                ],
                "publish_not_ready_addresses": false,
                "selector": {
                  "app": "grafana"
                },
                "session_affinity": "None",
                "session_affinity_config": [],
                "type": "NodePort"
              }
            ],
            "status": [
              {
                "load_balancer": [
                  {
                    "ingress": []
                  }
                ]
              }
            ],
            "timeouts": null,
            "wait_for_load_balancer": true
          },
          "sensitive_attributes": [],
          "identity_schema_version": 0,
          "private": "eyJlMmJmYjczMC1lY2FhLTExZTYtOGY4OC0zNDM2M2JjN2M0YzAiOnsiY3JlYXRlIjo2MDAwMDAwMDAwMDB9LCJzY2hlbWFfdmVyc2lvbiI6IjEifQ==",
          "dependencies": [
            "kind_cluster.sre_local_cluster"
          ]
        }
      ]
    },
    {
      "mode": "managed",
      "type": "kubernetes_service",
      "name": "mongodb_service",
      "provider": "provider[\"registry.terraform.io/hashicorp/kubernetes\"]",
      "instances": [
        {
          "schema_version": 1,
          "attributes": {
            "id": "default/mongodb",
            "metadata": [
              {
                "annotations": {},
                "generate_name": "",
                "generation": 0,
                "labels": {},
                "name": "mongodb",
                "namespace": "default",
                "resource_version": "467",
                "uid": "c4e621e6-ca8a-46b1-acc1-2efe884d598b"
              }
            ],
            "spec": [
              {
                "allocate_load_balancer_node_ports": true,
                "cluster_ip": "10.96.119.205",
                "cluster_ips": [
                  "10.96.119.205"
                ],
                "external_ips": [],
                "external_name": "",
                "external_traffic_policy": "",
                "health_check_node_port": 0,
                "internal_traffic_policy": "Cluster",
                "ip_families": [
                  "IPv4"
                ],
                "ip_family_policy": "SingleStack",
                "load_balancer_class": "",
                "load_balancer_ip": "",
                "load_balancer_source_ranges": [],
                "port": [
                  {
                    "app_protocol": "",
                    "name": "",
                    "node_port": 0,
                    "port": 27017,
                    "protocol": "TCP",
                    "target_port": "27017"
                  }
                ],
                "publish_not_ready_addresses": false,
                "selector": {
                  "app": "mongodb"
                },
                "session_affinity": "None",
                "session_affinity_config": [],
                "type": "ClusterIP"
              }
            ],
            "status": [
              {
                "load_balancer": [
                  {
                    "ingress": []
                  }
                ]
              }
            ],
            "timeouts": null,
            "wait_for_load_balancer": true
          },
          "sensitive_attributes": [],
          "identity_schema_version": 0,
          "private": "eyJlMmJmYjczMC1lY2FhLTExZTYtOGY4OC0zNDM2M2JjN2M0YzAiOnsiY3JlYXRlIjo2MDAwMDAwMDAwMDB9LCJzY2hlbWFfdmVyc2lvbiI6IjEifQ==",
          "dependencies": [
            "kind_cluster.sre_local_cluster"
          ]
        }
      ]
    },
    {
      "mode": "managed",
      "type": "kubernetes_service",
      "name": "node_exporter_service",
      "provider": "provider[\"registry.terraform.io/hashicorp/kubernetes\"]",
      "instances": [
        {
          "schema_version": 1,
          "attributes": {
            "id": "default/node-exporter",
            "metadata": [
              {
                "annotations": null,
                "generate_name": "",
                "generation": 0,
                "labels": null,
                "name": "node-exporter",
                "namespace": "default",
                "resource_version": "5565",
                "uid": "9c12d528-6318-43e9-b685-39074e3ab7c2"
              }
            ],
            "spec": [
              {
                "allocate_load_balancer_node_ports": true,
                "cluster_ip": "10.96.99.50",
                "cluster_ips": [
                  "10.96.99.50"
                ],
                "external_ips": null,
                "external_name": "",
                "external_traffic_policy": "",
                "health_check_node_port": 0,
                "internal_traffic_policy": "Cluster",
                "ip_families": [
                  "IPv4"
                ],
                "ip_family_policy": "SingleStack",
                "load_balancer_class": "",
                "load_balancer_ip": "",
                "load_balancer_source_ranges": null,
                "port": [
                  {
                    "app_protocol": "",
                    "name": "",
                    "node_port": 0,
                    "port": 9100,
                    "protocol": "TCP",
                    "target_port": "9100"
                  }
                ],
                "publish_not_ready_addresses": false,
                "selector": {
                  "app": "node-exporter"
                },
                "session_affinity": "None",
                "session_affinity_config": [],
                "type": "ClusterIP"
              }
            ],
            "status": [
              {
                "load_balancer": [
                  {
                    "ingress": []
                  }
                ]
              }
            ],
            "timeouts": null,
            "wait_for_load_balancer": true
          },
          "sensitive_attributes": [],
          "identity_schema_version": 0,
          "private": "eyJlMmJmYjczMC1lY2FhLTExZTYtOGY4OC0zNDM2M2JjN2M0YzAiOnsiY3JlYXRlIjo2MDAwMDAwMDAwMDB9LCJzY2hlbWFfdmVyc2lvbiI6IjEifQ==",
          "dependencies": [
            "kind_cluster.sre_local_cluster"
          ]
        }
      ]
    },
    {
      "mode": "managed",
      "type": "kubernetes_service",
      "name": "prometheus_service",
      "provider": "provider[\"registry.terraform.io/hashicorp/kubernetes\"]",
      "instances": [
        {
          "schema_version": 1,
          "attributes": {
            "id": "default/prometheus-service",
            "metadata": [
              {
                "annotations": {},
                "generate_name": "",
                "generation": 0,
                "labels": {},
                "name": "prometheus-service",
                "namespace": "default",
                "resource_version": "471",
                "uid": "5b0fc002-35da-4840-ae19-1e7e663c6860"
              }
            ],
            "spec": [
              {
                "allocate_load_balancer_node_ports": true,
                "cluster_ip": "10.96.48.215",
                "cluster_ips": [
                  "10.96.48.215"
                ],
                "external_ips": [],
                "external_name": "",
                "external_traffic_policy": "Cluster",
                "health_check_node_port": 0,
                "internal_traffic_policy": "Cluster",
                "ip_families": [
                  "IPv4"
                ],
                "ip_family_policy": "SingleStack",
                "load_balancer_class": "",
                "load_balancer_ip": "",
                "load_balancer_source_ranges": [],
                "port": [
                  {
                    "app_protocol": "",
                    "name": "",
                    "node_port": 30002,
                    "port": 9090,
                    "protocol": "TCP",
                    "target_port": "9090"
                  }
                ],
                "publish_not_ready_addresses": false,
                "selector": {
                  "app": "prometheus"
                },
                "session_affinity": "None",
                "session_affinity_config": [],
                "type": "NodePort"
              }
            ],
            "status": [
              {
                "load_balancer": [
                  {
                    "ingress": []
                  }
                ]
              }
            ],
            "timeouts": null,
            "wait_for_load_balancer": true
          },
          "sensitive_attributes": [],
          "identity_schema_version": 0,
          "private": "eyJlMmJmYjczMC1lY2FhLTExZTYtOGY4OC0zNDM2M2JjN2M0YzAiOnsiY3JlYXRlIjo2MDAwMDAwMDAwMDB9LCJzY2hlbWFfdmVyc2lvbiI6IjEifQ==",
          "dependencies": [
            "kind_cluster.sre_local_cluster"
          ]
        }
      ]
    }
  ],
  "check_results": null
}
